
Microsoft Visual Studio Solution File, Format Version 12.00
# Visual Studio 15
VisualStudioVersion = 15.0.28307.705
MinimumVisualStudioVersion = 10.0.40219.1
Project("{FAE04EC0-301F-11D3-BF4B-00C04F79EFBC}") = "Billing.DTO", "DTO\Billing.DTO.csproj", "{62EC15FF-BA97-454D-B1AA-2BDABA5C719F}"
EndProject
Project("{FAE04EC0-301F-11D3-BF4B-00C04F79EFBC}") = "Billing.DAL", "DataContext\Billing.DAL.csproj", "{95C99B72-1BE9-4E5E-9BA9-17D157965EB7}"
EndProject
Global
	GlobalSection(SolutionConfigurationPlatforms) = preSolution
		Debug|Any CPU = Debug|Any CPU
		Release|Any CPU = Release|Any CPU
	EndGlobalSection
	GlobalSection(ProjectConfigurationPlatforms) = postSolution
		{62EC15FF-BA97-454D-B1AA-2BDABA5C719F}.Debug|Any CPU.ActiveCfg = Debug|Any CPU
		{62EC15FF-BA97-454D-B1AA-2BDABA5C719F}.Debug|Any CPU.Build.0 = Debug|Any CPU
		{62EC15FF-BA97-454D-B1AA-2BDABA5C719F}.Release|Any CPU.ActiveCfg = Release|Any CPU
		{62EC15FF-BA97-454D-B1AA-2BDABA5C719F}.Release|Any CPU.Build.0 = Release|Any CPU
		{95C99B72-1BE9-4E5E-9BA9-17D157965EB7}.Debug|Any CPU.ActiveCfg = Debug|Any CPU
		{95C99B72-1BE9-4E5E-9BA9-17D157965EB7}.Debug|Any CPU.Build.0 = Debug|Any CPU
		{95C99B72-1BE9-4E5E-9BA9-17D157965EB7}.Release|Any CPU.ActiveCfg = Release|Any CPU
		{95C99B72-1BE9-4E5E-9BA9-17D157965EB7}.Release|Any CPU.Build.0 = Release|Any CPU
	EndGlobalSection
	GlobalSection(SolutionProperties) = preSolution
		HideSolutionNode = FALSE
	EndGlobalSection
	GlobalSection(ExtensibilityGlobals) = postSolution
		SolutionGuid = {C14AEA0B-101C-4DA1-B65F-8669AC386AD6}
	EndGlobalSection
EndGlobal
